// !$*UTF8*$!
{
	archiveVersion = 1;
	classes = {
	};
	objectVersion = 42;
	objects = {

/* Begin PBXBuildFile section */
		BBAB23CB13894F3D00AA2426 /* GLUT.framework in CopyFiles */ = {isa = PBXBuildFile; fileRef = BBAB23BE13894E4700AA2426 /* GLUT.framework */; };
		D08916A419A1483800AE74F1 /* sqlite3.c in Sources */ = {isa = PBXBuildFile; fileRef = D08916A219A1483800AE74F1 /* sqlite3.c */; };
		D08916B819A2C22E00AE74F1 /* GeoUtils.cpp in Sources */ = {isa = PBXBuildFile; fileRef = D08916B719A2C22E00AE74F1 /* GeoUtils.cpp */; };
		D0E1DEED13DC309C00268AD9 /* Walk.cpp in Sources */ = {isa = PBXBuildFile; fileRef = D0E1DED913DC309C00268AD9 /* Walk.cpp */; };
		D0E1DEEE13DC309C00268AD9 /* Timeline.cpp in Sources */ = {isa = PBXBuildFile; fileRef = D0E1DEDB13DC309C00268AD9 /* Timeline.cpp */; };
		D0E1DEEF13DC309C00268AD9 /* MagicBox.cpp in Sources */ = {isa = PBXBuildFile; fileRef = D0E1DEDD13DC309C00268AD9 /* MagicBox.cpp */; };
		D0E1DEF013DC309C00268AD9 /* LocationImage.cpp in Sources */ = {isa = PBXBuildFile; fileRef = D0E1DEE013DC309C00268AD9 /* LocationImage.cpp */; };
		D0E1DEF113DC309C00268AD9 /* GpsData.cpp in Sources */ = {isa = PBXBuildFile; fileRef = D0E1DEE413DC309C00268AD9 /* GpsData.cpp */; };
		D0E1DEF213DC309C00268AD9 /* DrawingLifeApp.cpp in Sources */ = {isa = PBXBuildFile; fileRef = D0E1DEE813DC309C00268AD9 /* DrawingLifeApp.cpp */; };
		D0E1DEF313DC309C00268AD9 /* DBReader.cpp in Sources */ = {isa = PBXBuildFile; fileRef = D0E1DEEA13DC309C00268AD9 /* DBReader.cpp */; };
		D0E1DEF413DC309C00268AD9 /* AppSettings.cpp in Sources */ = {isa = PBXBuildFile; fileRef = D0E1DEEC13DC309C00268AD9 /* AppSettings.cpp */; };
		D0E1DF0D13DC311500268AD9 /* sqlite3x_command.cpp in Sources */ = {isa = PBXBuildFile; fileRef = D0E1DF0613DC311500268AD9 /* sqlite3x_command.cpp */; };
		D0E1DF0E13DC311500268AD9 /* sqlite3x_connection.cpp in Sources */ = {isa = PBXBuildFile; fileRef = D0E1DF0713DC311500268AD9 /* sqlite3x_connection.cpp */; };
		D0E1DF0F13DC311500268AD9 /* sqlite3x_exception.cpp in Sources */ = {isa = PBXBuildFile; fileRef = D0E1DF0813DC311500268AD9 /* sqlite3x_exception.cpp */; };
		D0E1DF1013DC311500268AD9 /* sqlite3x_reader.cpp in Sources */ = {isa = PBXBuildFile; fileRef = D0E1DF0913DC311500268AD9 /* sqlite3x_reader.cpp */; };
		D0E1DF1113DC311500268AD9 /* sqlite3x_transaction.cpp in Sources */ = {isa = PBXBuildFile; fileRef = D0E1DF0A13DC311500268AD9 /* sqlite3x_transaction.cpp */; };
		D0E1DF4813DC32E200268AD9 /* ofxXmlSettings.cpp in Sources */ = {isa = PBXBuildFile; fileRef = D0E1DF4613DC32E200268AD9 /* ofxXmlSettings.cpp */; };
		D0E1DF4D13DC32EB00268AD9 /* tinyxml.cpp in Sources */ = {isa = PBXBuildFile; fileRef = D0E1DF4913DC32EB00268AD9 /* tinyxml.cpp */; };
		D0E1DF4E13DC32EB00268AD9 /* tinyxmlerror.cpp in Sources */ = {isa = PBXBuildFile; fileRef = D0E1DF4B13DC32EB00268AD9 /* tinyxmlerror.cpp */; };
		D0E1DF4F13DC32EB00268AD9 /* tinyxmlparser.cpp in Sources */ = {isa = PBXBuildFile; fileRef = D0E1DF4C13DC32EB00268AD9 /* tinyxmlparser.cpp */; };
		D0EC48D9199A85ED00AC8B2E /* openFrameworksDebug.a in Frameworks */ = {isa = PBXBuildFile; fileRef = D0EC48D8199A85D400AC8B2E /* openFrameworksDebug.a */; };
		D0EC48E2199A866200AC8B2E /* Accelerate.framework in Frameworks */ = {isa = PBXBuildFile; fileRef = D0EC48E1199A866200AC8B2E /* Accelerate.framework */; };
		D0EC48E4199A867600AC8B2E /* QTKit.framework in Frameworks */ = {isa = PBXBuildFile; fileRef = D0EC48E3199A867600AC8B2E /* QTKit.framework */; };
		D0EC48E6199A868700AC8B2E /* CoreVideo.framework in Frameworks */ = {isa = PBXBuildFile; fileRef = D0EC48E5199A868700AC8B2E /* CoreVideo.framework */; };
		D0EC48F4199A89E100AC8B2E /* DataLoader.cpp in Sources */ = {isa = PBXBuildFile; fileRef = D0EC48E7199A89E100AC8B2E /* DataLoader.cpp */; };
		D0EC48F5199A89E100AC8B2E /* DrawingLifeDrawable.cpp in Sources */ = {isa = PBXBuildFile; fileRef = D0EC48E9199A89E100AC8B2E /* DrawingLifeDrawable.cpp */; };
		D0EC48F6199A89E100AC8B2E /* Logger.cpp in Sources */ = {isa = PBXBuildFile; fileRef = D0EC48EB199A89E100AC8B2E /* Logger.cpp */; };
		D0EC48F7199A89E100AC8B2E /* Utils.cpp in Sources */ = {isa = PBXBuildFile; fileRef = D0EC48EE199A89E100AC8B2E /* Utils.cpp */; };
		D0EC48F8199A89E100AC8B2E /* ViewHelper.cpp in Sources */ = {isa = PBXBuildFile; fileRef = D0EC48F0199A89E100AC8B2E /* ViewHelper.cpp */; };
		D0EC48F9199A89E100AC8B2E /* ZoomAnimation.cpp in Sources */ = {isa = PBXBuildFile; fileRef = D0EC48F2199A89E100AC8B2E /* ZoomAnimation.cpp */; };
		E45BE97B0E8CC7DD009D7055 /* AGL.framework in Frameworks */ = {isa = PBXBuildFile; fileRef = E45BE9710E8CC7DD009D7055 /* AGL.framework */; };
		E45BE97C0E8CC7DD009D7055 /* ApplicationServices.framework in Frameworks */ = {isa = PBXBuildFile; fileRef = E45BE9720E8CC7DD009D7055 /* ApplicationServices.framework */; };
		E45BE97D0E8CC7DD009D7055 /* AudioToolbox.framework in Frameworks */ = {isa = PBXBuildFile; fileRef = E45BE9730E8CC7DD009D7055 /* AudioToolbox.framework */; };
		E45BE97E0E8CC7DD009D7055 /* Carbon.framework in Frameworks */ = {isa = PBXBuildFile; fileRef = E45BE9740E8CC7DD009D7055 /* Carbon.framework */; };
		E45BE97F0E8CC7DD009D7055 /* CoreAudio.framework in Frameworks */ = {isa = PBXBuildFile; fileRef = E45BE9750E8CC7DD009D7055 /* CoreAudio.framework */; };
		E45BE9800E8CC7DD009D7055 /* CoreFoundation.framework in Frameworks */ = {isa = PBXBuildFile; fileRef = E45BE9760E8CC7DD009D7055 /* CoreFoundation.framework */; };
		E45BE9810E8CC7DD009D7055 /* CoreServices.framework in Frameworks */ = {isa = PBXBuildFile; fileRef = E45BE9770E8CC7DD009D7055 /* CoreServices.framework */; };
		E45BE9830E8CC7DD009D7055 /* OpenGL.framework in Frameworks */ = {isa = PBXBuildFile; fileRef = E45BE9790E8CC7DD009D7055 /* OpenGL.framework */; };
		E45BE9840E8CC7DD009D7055 /* QuickTime.framework in Frameworks */ = {isa = PBXBuildFile; fileRef = E45BE97A0E8CC7DD009D7055 /* QuickTime.framework */; };
		E4B69E200A3A1BDC003C02F2 /* main.cpp in Sources */ = {isa = PBXBuildFile; fileRef = E4B69E1D0A3A1BDC003C02F2 /* main.cpp */; };
		E4C2424710CC5A17004149E2 /* AppKit.framework in Frameworks */ = {isa = PBXBuildFile; fileRef = E4C2424410CC5A17004149E2 /* AppKit.framework */; };
		E4C2424810CC5A17004149E2 /* Cocoa.framework in Frameworks */ = {isa = PBXBuildFile; fileRef = E4C2424510CC5A17004149E2 /* Cocoa.framework */; };
		E4C2424910CC5A17004149E2 /* IOKit.framework in Frameworks */ = {isa = PBXBuildFile; fileRef = E4C2424610CC5A17004149E2 /* IOKit.framework */; };
		E4EB6799138ADC1D00A09F29 /* GLUT.framework in Frameworks */ = {isa = PBXBuildFile; fileRef = BBAB23BE13894E4700AA2426 /* GLUT.framework */; };
/* End PBXBuildFile section */

/* Begin PBXContainerItemProxy section */
		D0EC48D7199A85D400AC8B2E /* PBXContainerItemProxy */ = {
			isa = PBXContainerItemProxy;
			containerPortal = D0EC48D3199A85D400AC8B2E /* openFrameworksLib.xcodeproj */;
			proxyType = 2;
			remoteGlobalIDString = E4B27C1510CBEB8E00536013;
			remoteInfo = openFrameworks;
		};
		D0EC48DA199A85F500AC8B2E /* PBXContainerItemProxy */ = {
			isa = PBXContainerItemProxy;
			containerPortal = D0EC48D3199A85D400AC8B2E /* openFrameworksLib.xcodeproj */;
			proxyType = 1;
			remoteGlobalIDString = E4B27C1410CBEB8E00536013;
			remoteInfo = openFrameworks;
		};
/* End PBXContainerItemProxy section */

/* Begin PBXCopyFilesBuildPhase section */
		E4C2427710CC5ABF004149E2 /* CopyFiles */ = {
			isa = PBXCopyFilesBuildPhase;
			buildActionMask = 2147483647;
			dstPath = "";
			dstSubfolderSpec = 10;
			files = (
				BBAB23CB13894F3D00AA2426 /* GLUT.framework in CopyFiles */,
			);
			runOnlyForDeploymentPostprocessing = 0;
		};
/* End PBXCopyFilesBuildPhase section */

/* Begin PBXFileReference section */
		BBAB23BE13894E4700AA2426 /* GLUT.framework */ = {isa = PBXFileReference; lastKnownFileType = wrapper.framework; name = GLUT.framework; path = ../../../libs/glut/lib/osx/GLUT.framework; sourceTree = "<group>"; };
		D08916A219A1483800AE74F1 /* sqlite3.c */ = {isa = PBXFileReference; fileEncoding = 4; lastKnownFileType = sourcecode.c.c; name = sqlite3.c; path = libs/sqlite3/sqlite3.c; sourceTree = "<group>"; };
		D08916A319A1483800AE74F1 /* sqlite3.h */ = {isa = PBXFileReference; fileEncoding = 4; lastKnownFileType = sourcecode.c.h; name = sqlite3.h; path = libs/sqlite3/sqlite3.h; sourceTree = "<group>"; };
		D08916B619A29B3900AE74F1 /* GeoUtils.h */ = {isa = PBXFileReference; fileEncoding = 4; lastKnownFileType = sourcecode.c.h; path = GeoUtils.h; sourceTree = "<group>"; };
		D08916B719A2C22E00AE74F1 /* GeoUtils.cpp */ = {isa = PBXFileReference; fileEncoding = 4; lastKnownFileType = sourcecode.cpp.cpp; path = GeoUtils.cpp; sourceTree = "<group>"; };
		D0E1DED813DC309C00268AD9 /* Walk.h */ = {isa = PBXFileReference; fileEncoding = 4; lastKnownFileType = sourcecode.c.h; path = Walk.h; sourceTree = "<group>"; };
		D0E1DED913DC309C00268AD9 /* Walk.cpp */ = {isa = PBXFileReference; fileEncoding = 4; lastKnownFileType = sourcecode.cpp.cpp; path = Walk.cpp; sourceTree = "<group>"; };
		D0E1DEDA13DC309C00268AD9 /* Timeline.h */ = {isa = PBXFileReference; fileEncoding = 4; lastKnownFileType = sourcecode.c.h; path = Timeline.h; sourceTree = "<group>"; };
		D0E1DEDB13DC309C00268AD9 /* Timeline.cpp */ = {isa = PBXFileReference; fileEncoding = 4; lastKnownFileType = sourcecode.cpp.cpp; path = Timeline.cpp; sourceTree = "<group>"; };
		D0E1DEDC13DC309C00268AD9 /* MagicBox.h */ = {isa = PBXFileReference; fileEncoding = 4; lastKnownFileType = sourcecode.c.h; path = MagicBox.h; sourceTree = "<group>"; };
		D0E1DEDD13DC309C00268AD9 /* MagicBox.cpp */ = {isa = PBXFileReference; fileEncoding = 4; lastKnownFileType = sourcecode.cpp.cpp; path = MagicBox.cpp; sourceTree = "<group>"; };
		D0E1DEDE13DC309C00268AD9 /* Logger.h */ = {isa = PBXFileReference; fileEncoding = 4; lastKnownFileType = sourcecode.c.h; path = Logger.h; sourceTree = "<group>"; };
		D0E1DEDF13DC309C00268AD9 /* LocationImage.h */ = {isa = PBXFileReference; fileEncoding = 4; lastKnownFileType = sourcecode.c.h; path = LocationImage.h; sourceTree = "<group>"; };
		D0E1DEE013DC309C00268AD9 /* LocationImage.cpp */ = {isa = PBXFileReference; fileEncoding = 4; lastKnownFileType = sourcecode.cpp.cpp; path = LocationImage.cpp; sourceTree = "<group>"; };
		D0E1DEE113DC309C00268AD9 /* GpsSegment.h */ = {isa = PBXFileReference; fileEncoding = 4; lastKnownFileType = sourcecode.c.h; path = GpsSegment.h; sourceTree = "<group>"; };
		D0E1DEE213DC309C00268AD9 /* GpsPoint.h */ = {isa = PBXFileReference; fileEncoding = 4; lastKnownFileType = sourcecode.c.h; path = GpsPoint.h; sourceTree = "<group>"; };
		D0E1DEE313DC309C00268AD9 /* GpsData.h */ = {isa = PBXFileReference; fileEncoding = 4; lastKnownFileType = sourcecode.c.h; path = GpsData.h; sourceTree = "<group>"; };
		D0E1DEE413DC309C00268AD9 /* GpsData.cpp */ = {isa = PBXFileReference; fileEncoding = 4; lastKnownFileType = sourcecode.cpp.cpp; path = GpsData.cpp; sourceTree = "<group>"; };
		D0E1DEE513DC309C00268AD9 /* DrawingLifeTypes.h */ = {isa = PBXFileReference; fileEncoding = 4; lastKnownFileType = sourcecode.c.h; path = DrawingLifeTypes.h; sourceTree = "<group>"; };
		D0E1DEE613DC309C00268AD9 /* DrawingLifeIncludes.h */ = {isa = PBXFileReference; fileEncoding = 4; lastKnownFileType = sourcecode.c.h; path = DrawingLifeIncludes.h; sourceTree = "<group>"; };
		D0E1DEE713DC309C00268AD9 /* DrawingLifeApp.h */ = {isa = PBXFileReference; fileEncoding = 4; lastKnownFileType = sourcecode.c.h; path = DrawingLifeApp.h; sourceTree = "<group>"; };
		D0E1DEE813DC309C00268AD9 /* DrawingLifeApp.cpp */ = {isa = PBXFileReference; fileEncoding = 4; lastKnownFileType = sourcecode.cpp.cpp; path = DrawingLifeApp.cpp; sourceTree = "<group>"; };
		D0E1DEE913DC309C00268AD9 /* DBReader.h */ = {isa = PBXFileReference; fileEncoding = 4; lastKnownFileType = sourcecode.c.h; path = DBReader.h; sourceTree = "<group>"; };
		D0E1DEEA13DC309C00268AD9 /* DBReader.cpp */ = {isa = PBXFileReference; fileEncoding = 4; lastKnownFileType = sourcecode.cpp.cpp; path = DBReader.cpp; sourceTree = "<group>"; };
		D0E1DEEB13DC309C00268AD9 /* AppSettings.h */ = {isa = PBXFileReference; fileEncoding = 4; lastKnownFileType = sourcecode.c.h; path = AppSettings.h; sourceTree = "<group>"; };
		D0E1DEEC13DC309C00268AD9 /* AppSettings.cpp */ = {isa = PBXFileReference; fileEncoding = 4; lastKnownFileType = sourcecode.cpp.cpp; path = AppSettings.cpp; sourceTree = "<group>"; };
		D0E1DF0613DC311500268AD9 /* sqlite3x_command.cpp */ = {isa = PBXFileReference; fileEncoding = 4; lastKnownFileType = sourcecode.cpp.cpp; name = sqlite3x_command.cpp; path = libs/sqlite3x/sqlite3x_command.cpp; sourceTree = "<group>"; };
		D0E1DF0713DC311500268AD9 /* sqlite3x_connection.cpp */ = {isa = PBXFileReference; fileEncoding = 4; lastKnownFileType = sourcecode.cpp.cpp; name = sqlite3x_connection.cpp; path = libs/sqlite3x/sqlite3x_connection.cpp; sourceTree = "<group>"; };
		D0E1DF0813DC311500268AD9 /* sqlite3x_exception.cpp */ = {isa = PBXFileReference; fileEncoding = 4; lastKnownFileType = sourcecode.cpp.cpp; name = sqlite3x_exception.cpp; path = libs/sqlite3x/sqlite3x_exception.cpp; sourceTree = "<group>"; };
		D0E1DF0913DC311500268AD9 /* sqlite3x_reader.cpp */ = {isa = PBXFileReference; fileEncoding = 4; lastKnownFileType = sourcecode.cpp.cpp; name = sqlite3x_reader.cpp; path = libs/sqlite3x/sqlite3x_reader.cpp; sourceTree = "<group>"; };
		D0E1DF0A13DC311500268AD9 /* sqlite3x_transaction.cpp */ = {isa = PBXFileReference; fileEncoding = 4; lastKnownFileType = sourcecode.cpp.cpp; name = sqlite3x_transaction.cpp; path = libs/sqlite3x/sqlite3x_transaction.cpp; sourceTree = "<group>"; };
		D0E1DF0B13DC311500268AD9 /* sqlite3x.hpp */ = {isa = PBXFileReference; fileEncoding = 4; lastKnownFileType = sourcecode.cpp.h; name = sqlite3x.hpp; path = libs/sqlite3x/sqlite3x.hpp; sourceTree = "<group>"; };
		D0E1DF4613DC32E200268AD9 /* ofxXmlSettings.cpp */ = {isa = PBXFileReference; fileEncoding = 4; lastKnownFileType = sourcecode.cpp.cpp; name = ofxXmlSettings.cpp; path = ../../../addons/ofxXmlSettings/src/ofxXmlSettings.cpp; sourceTree = SOURCE_ROOT; };
		D0E1DF4713DC32E200268AD9 /* ofxXmlSettings.h */ = {isa = PBXFileReference; fileEncoding = 4; lastKnownFileType = sourcecode.c.h; name = ofxXmlSettings.h; path = ../../../addons/ofxXmlSettings/src/ofxXmlSettings.h; sourceTree = SOURCE_ROOT; };
		D0E1DF4913DC32EB00268AD9 /* tinyxml.cpp */ = {isa = PBXFileReference; fileEncoding = 4; lastKnownFileType = sourcecode.cpp.cpp; name = tinyxml.cpp; path = ../../../addons/ofxXmlSettings/libs/tinyxml.cpp; sourceTree = SOURCE_ROOT; };
		D0E1DF4A13DC32EB00268AD9 /* tinyxml.h */ = {isa = PBXFileReference; fileEncoding = 4; lastKnownFileType = sourcecode.c.h; name = tinyxml.h; path = ../../../addons/ofxXmlSettings/libs/tinyxml.h; sourceTree = SOURCE_ROOT; };
		D0E1DF4B13DC32EB00268AD9 /* tinyxmlerror.cpp */ = {isa = PBXFileReference; fileEncoding = 4; lastKnownFileType = sourcecode.cpp.cpp; name = tinyxmlerror.cpp; path = ../../../addons/ofxXmlSettings/libs/tinyxmlerror.cpp; sourceTree = SOURCE_ROOT; };
		D0E1DF4C13DC32EB00268AD9 /* tinyxmlparser.cpp */ = {isa = PBXFileReference; fileEncoding = 4; lastKnownFileType = sourcecode.cpp.cpp; name = tinyxmlparser.cpp; path = ../../../addons/ofxXmlSettings/libs/tinyxmlparser.cpp; sourceTree = SOURCE_ROOT; };
		D0EC48D3199A85D400AC8B2E /* openFrameworksLib.xcodeproj */ = {isa = PBXFileReference; lastKnownFileType = "wrapper.pb-project"; name = openFrameworksLib.xcodeproj; path = ../../../libs/openFrameworksCompiled/project/osx/openFrameworksLib.xcodeproj; sourceTree = "<group>"; };
		D0EC48DC199A860D00AC8B2E /* CoreOF.xcconfig */ = {isa = PBXFileReference; fileEncoding = 4; lastKnownFileType = text.xcconfig; name = CoreOF.xcconfig; path = ../../../libs/openFrameworksCompiled/project/osx/CoreOF.xcconfig; sourceTree = "<group>"; };
		D0EC48E1199A866200AC8B2E /* Accelerate.framework */ = {isa = PBXFileReference; lastKnownFileType = wrapper.framework; name = Accelerate.framework; path = System/Library/Frameworks/Accelerate.framework; sourceTree = SDKROOT; };
		D0EC48E3199A867600AC8B2E /* QTKit.framework */ = {isa = PBXFileReference; lastKnownFileType = wrapper.framework; name = QTKit.framework; path = System/Library/Frameworks/QTKit.framework; sourceTree = SDKROOT; };
		D0EC48E5199A868700AC8B2E /* CoreVideo.framework */ = {isa = PBXFileReference; lastKnownFileType = wrapper.framework; name = CoreVideo.framework; path = System/Library/Frameworks/CoreVideo.framework; sourceTree = SDKROOT; };
		D0EC48E7199A89E100AC8B2E /* DataLoader.cpp */ = {isa = PBXFileReference; fileEncoding = 4; lastKnownFileType = sourcecode.cpp.cpp; path = DataLoader.cpp; sourceTree = "<group>"; };
		D0EC48E8199A89E100AC8B2E /* DataLoader.h */ = {isa = PBXFileReference; fileEncoding = 4; lastKnownFileType = sourcecode.c.h; path = DataLoader.h; sourceTree = "<group>"; };
		D0EC48E9199A89E100AC8B2E /* DrawingLifeDrawable.cpp */ = {isa = PBXFileReference; fileEncoding = 4; lastKnownFileType = sourcecode.cpp.cpp; path = DrawingLifeDrawable.cpp; sourceTree = "<group>"; };
		D0EC48EA199A89E100AC8B2E /* DrawingLifeDrawable.h */ = {isa = PBXFileReference; fileEncoding = 4; lastKnownFileType = sourcecode.c.h; path = DrawingLifeDrawable.h; sourceTree = "<group>"; };
		D0EC48EB199A89E100AC8B2E /* Logger.cpp */ = {isa = PBXFileReference; fileEncoding = 4; lastKnownFileType = sourcecode.cpp.cpp; path = Logger.cpp; sourceTree = "<group>"; };
		D0EC48EC199A89E100AC8B2E /* ofxPoint.h */ = {isa = PBXFileReference; fileEncoding = 4; lastKnownFileType = sourcecode.c.h; path = ofxPoint.h; sourceTree = "<group>"; };
		D0EC48ED199A89E100AC8B2E /* ofxRectangle.h */ = {isa = PBXFileReference; fileEncoding = 4; lastKnownFileType = sourcecode.c.h; path = ofxRectangle.h; sourceTree = "<group>"; };
		D0EC48EE199A89E100AC8B2E /* Utils.cpp */ = {isa = PBXFileReference; fileEncoding = 4; lastKnownFileType = sourcecode.cpp.cpp; path = Utils.cpp; sourceTree = "<group>"; };
		D0EC48EF199A89E100AC8B2E /* Utils.h */ = {isa = PBXFileReference; fileEncoding = 4; lastKnownFileType = sourcecode.c.h; path = Utils.h; sourceTree = "<group>"; };
		D0EC48F0199A89E100AC8B2E /* ViewHelper.cpp */ = {isa = PBXFileReference; fileEncoding = 4; lastKnownFileType = sourcecode.cpp.cpp; path = ViewHelper.cpp; sourceTree = "<group>"; };
		D0EC48F1199A89E100AC8B2E /* ViewHelper.h */ = {isa = PBXFileReference; fileEncoding = 4; lastKnownFileType = sourcecode.c.h; path = ViewHelper.h; sourceTree = "<group>"; };
		D0EC48F2199A89E100AC8B2E /* ZoomAnimation.cpp */ = {isa = PBXFileReference; fileEncoding = 4; lastKnownFileType = sourcecode.cpp.cpp; path = ZoomAnimation.cpp; sourceTree = "<group>"; };
		D0EC48F3199A89E100AC8B2E /* ZoomAnimation.h */ = {isa = PBXFileReference; fileEncoding = 4; lastKnownFileType = sourcecode.c.h; path = ZoomAnimation.h; sourceTree = "<group>"; };
		D0F86E9C14DFF226000EC12D /* Integrator.h */ = {isa = PBXFileReference; fileEncoding = 4; lastKnownFileType = sourcecode.c.h; path = Integrator.h; sourceTree = "<group>"; };
		D0FE245713DC3C9500AAA6CE /* AppSettings.xml */ = {isa = PBXFileReference; fileEncoding = 4; lastKnownFileType = text.xml; name = AppSettings.xml; path = bin/data/AppSettings.xml; sourceTree = "<group>"; };
		E45BE9710E8CC7DD009D7055 /* AGL.framework */ = {isa = PBXFileReference; lastKnownFileType = wrapper.framework; name = AGL.framework; path = /System/Library/Frameworks/AGL.framework; sourceTree = "<absolute>"; };
		E45BE9720E8CC7DD009D7055 /* ApplicationServices.framework */ = {isa = PBXFileReference; lastKnownFileType = wrapper.framework; name = ApplicationServices.framework; path = /System/Library/Frameworks/ApplicationServices.framework; sourceTree = "<absolute>"; };
		E45BE9730E8CC7DD009D7055 /* AudioToolbox.framework */ = {isa = PBXFileReference; lastKnownFileType = wrapper.framework; name = AudioToolbox.framework; path = /System/Library/Frameworks/AudioToolbox.framework; sourceTree = "<absolute>"; };
		E45BE9740E8CC7DD009D7055 /* Carbon.framework */ = {isa = PBXFileReference; lastKnownFileType = wrapper.framework; name = Carbon.framework; path = /System/Library/Frameworks/Carbon.framework; sourceTree = "<absolute>"; };
		E45BE9750E8CC7DD009D7055 /* CoreAudio.framework */ = {isa = PBXFileReference; lastKnownFileType = wrapper.framework; name = CoreAudio.framework; path = /System/Library/Frameworks/CoreAudio.framework; sourceTree = "<absolute>"; };
		E45BE9760E8CC7DD009D7055 /* CoreFoundation.framework */ = {isa = PBXFileReference; lastKnownFileType = wrapper.framework; name = CoreFoundation.framework; path = /System/Library/Frameworks/CoreFoundation.framework; sourceTree = "<absolute>"; };
		E45BE9770E8CC7DD009D7055 /* CoreServices.framework */ = {isa = PBXFileReference; lastKnownFileType = wrapper.framework; name = CoreServices.framework; path = /System/Library/Frameworks/CoreServices.framework; sourceTree = "<absolute>"; };
		E45BE9790E8CC7DD009D7055 /* OpenGL.framework */ = {isa = PBXFileReference; lastKnownFileType = wrapper.framework; name = OpenGL.framework; path = /System/Library/Frameworks/OpenGL.framework; sourceTree = "<absolute>"; };
		E45BE97A0E8CC7DD009D7055 /* QuickTime.framework */ = {isa = PBXFileReference; lastKnownFileType = wrapper.framework; name = QuickTime.framework; path = /System/Library/Frameworks/QuickTime.framework; sourceTree = "<absolute>"; };
		E4B69B5B0A3A1756003C02F2 /* DrawingLifeDebug.app */ = {isa = PBXFileReference; explicitFileType = wrapper.application; includeInIndex = 0; path = DrawingLifeDebug.app; sourceTree = BUILT_PRODUCTS_DIR; };
		E4B69E1D0A3A1BDC003C02F2 /* main.cpp */ = {isa = PBXFileReference; fileEncoding = 30; lastKnownFileType = sourcecode.cpp.cpp; name = main.cpp; path = src/main.cpp; sourceTree = SOURCE_ROOT; };
		E4B6FCAD0C3E899E008CF71C /* openFrameworks-Info.plist */ = {isa = PBXFileReference; fileEncoding = 30; lastKnownFileType = text.plist.xml; path = "openFrameworks-Info.plist"; sourceTree = "<group>"; };
		E4C2424410CC5A17004149E2 /* AppKit.framework */ = {isa = PBXFileReference; lastKnownFileType = wrapper.framework; name = AppKit.framework; path = /System/Library/Frameworks/AppKit.framework; sourceTree = "<absolute>"; };
		E4C2424510CC5A17004149E2 /* Cocoa.framework */ = {isa = PBXFileReference; lastKnownFileType = wrapper.framework; name = Cocoa.framework; path = /System/Library/Frameworks/Cocoa.framework; sourceTree = "<absolute>"; };
		E4C2424610CC5A17004149E2 /* IOKit.framework */ = {isa = PBXFileReference; lastKnownFileType = wrapper.framework; name = IOKit.framework; path = /System/Library/Frameworks/IOKit.framework; sourceTree = "<absolute>"; };
		E4EB6923138AFD0F00A09F29 /* Project.xcconfig */ = {isa = PBXFileReference; fileEncoding = 4; lastKnownFileType = text.xcconfig; path = Project.xcconfig; sourceTree = "<group>"; };
/* End PBXFileReference section */

/* Begin PBXFrameworksBuildPhase section */
		E4B69B590A3A1756003C02F2 /* Frameworks */ = {
			isa = PBXFrameworksBuildPhase;
			buildActionMask = 2147483647;
			files = (
				D0EC48E6199A868700AC8B2E /* CoreVideo.framework in Frameworks */,
				D0EC48E4199A867600AC8B2E /* QTKit.framework in Frameworks */,
				D0EC48D9199A85ED00AC8B2E /* openFrameworksDebug.a in Frameworks */,
				D0EC48E2199A866200AC8B2E /* Accelerate.framework in Frameworks */,
				E4C2424710CC5A17004149E2 /* AppKit.framework in Frameworks */,
				E4EB6799138ADC1D00A09F29 /* GLUT.framework in Frameworks */,
				E45BE97B0E8CC7DD009D7055 /* AGL.framework in Frameworks */,
				E45BE97C0E8CC7DD009D7055 /* ApplicationServices.framework in Frameworks */,
				E45BE97D0E8CC7DD009D7055 /* AudioToolbox.framework in Frameworks */,
				E45BE97E0E8CC7DD009D7055 /* Carbon.framework in Frameworks */,
				E45BE97F0E8CC7DD009D7055 /* CoreAudio.framework in Frameworks */,
				E45BE9800E8CC7DD009D7055 /* CoreFoundation.framework in Frameworks */,
				E45BE9810E8CC7DD009D7055 /* CoreServices.framework in Frameworks */,
				E45BE9830E8CC7DD009D7055 /* OpenGL.framework in Frameworks */,
				E45BE9840E8CC7DD009D7055 /* QuickTime.framework in Frameworks */,
				E4C2424810CC5A17004149E2 /* Cocoa.framework in Frameworks */,
				E4C2424910CC5A17004149E2 /* IOKit.framework in Frameworks */,
			);
			runOnlyForDeploymentPostprocessing = 0;
		};
/* End PBXFrameworksBuildPhase section */

/* Begin PBXGroup section */
		BB4B014C10F69532006C3DED /* addons */ = {
			isa = PBXGroup;
			children = (
				D0E1DF3B13DC328F00268AD9 /* ofxXmlSettings */,
			);
			name = addons;
			sourceTree = "<group>";
		};
		BBAB23C913894ECA00AA2426 /* system frameworks */ = {
			isa = PBXGroup;
			children = (
				D0EC48E5199A868700AC8B2E /* CoreVideo.framework */,
				D0EC48E3199A867600AC8B2E /* QTKit.framework */,
				D0EC48E1199A866200AC8B2E /* Accelerate.framework */,
				E4C2424410CC5A17004149E2 /* AppKit.framework */,
				E4C2424510CC5A17004149E2 /* Cocoa.framework */,
				E4C2424610CC5A17004149E2 /* IOKit.framework */,
				E45BE9710E8CC7DD009D7055 /* AGL.framework */,
				E45BE9720E8CC7DD009D7055 /* ApplicationServices.framework */,
				E45BE9730E8CC7DD009D7055 /* AudioToolbox.framework */,
				E45BE9740E8CC7DD009D7055 /* Carbon.framework */,
				E45BE9750E8CC7DD009D7055 /* CoreAudio.framework */,
				E45BE9760E8CC7DD009D7055 /* CoreFoundation.framework */,
				E45BE9770E8CC7DD009D7055 /* CoreServices.framework */,
				E45BE9790E8CC7DD009D7055 /* OpenGL.framework */,
				E45BE97A0E8CC7DD009D7055 /* QuickTime.framework */,
			);
			name = "system frameworks";
			sourceTree = "<group>";
		};
		BBAB23CA13894EDB00AA2426 /* 3rd party frameworks */ = {
			isa = PBXGroup;
			children = (
				BBAB23BE13894E4700AA2426 /* GLUT.framework */,
			);
			name = "3rd party frameworks";
			sourceTree = "<group>";
		};
		D089169A19A134E200AE74F1 /* sqlite3 */ = {
			isa = PBXGroup;
			children = (
				D08916A219A1483800AE74F1 /* sqlite3.c */,
				D08916A319A1483800AE74F1 /* sqlite3.h */,
			);
			name = sqlite3;
			sourceTree = "<group>";
		};
		D0E1DEF913DC30C300268AD9 /* sqlite3x */ = {
			isa = PBXGroup;
			children = (
				D0E1DF0613DC311500268AD9 /* sqlite3x_command.cpp */,
				D0E1DF0713DC311500268AD9 /* sqlite3x_connection.cpp */,
				D0E1DF0813DC311500268AD9 /* sqlite3x_exception.cpp */,
				D0E1DF0913DC311500268AD9 /* sqlite3x_reader.cpp */,
				D0E1DF0A13DC311500268AD9 /* sqlite3x_transaction.cpp */,
				D0E1DF0B13DC311500268AD9 /* sqlite3x.hpp */,
			);
			name = sqlite3x;
			sourceTree = "<group>";
		};
		D0E1DF3B13DC328F00268AD9 /* ofxXmlSettings */ = {
			isa = PBXGroup;
			children = (
				D0E1DF3D13DC329D00268AD9 /* libs */,
				D0E1DF3C13DC329700268AD9 /* src */,
			);
			name = ofxXmlSettings;
			sourceTree = "<group>";
		};
		D0E1DF3C13DC329700268AD9 /* src */ = {
			isa = PBXGroup;
			children = (
				D0E1DF4613DC32E200268AD9 /* ofxXmlSettings.cpp */,
				D0E1DF4713DC32E200268AD9 /* ofxXmlSettings.h */,
			);
			name = src;
			sourceTree = "<group>";
		};
		D0E1DF3D13DC329D00268AD9 /* libs */ = {
			isa = PBXGroup;
			children = (
				D0E1DF4913DC32EB00268AD9 /* tinyxml.cpp */,
				D0E1DF4A13DC32EB00268AD9 /* tinyxml.h */,
				D0E1DF4B13DC32EB00268AD9 /* tinyxmlerror.cpp */,
				D0E1DF4C13DC32EB00268AD9 /* tinyxmlparser.cpp */,
			);
			name = libs;
			sourceTree = "<group>";
		};
		D0EC48D4199A85D400AC8B2E /* Products */ = {
			isa = PBXGroup;
			children = (
				D0EC48D8199A85D400AC8B2E /* openFrameworksDebug.a */,
			);
			name = Products;
			sourceTree = "<group>";
		};
		E45BE5980E8CC70C009D7055 /* frameworks */ = {
			isa = PBXGroup;
			children = (
				BBAB23CA13894EDB00AA2426 /* 3rd party frameworks */,
				BBAB23C913894ECA00AA2426 /* system frameworks */,
			);
			name = frameworks;
			sourceTree = "<group>";
		};
		E4B69B4A0A3A1720003C02F2 = {
			isa = PBXGroup;
			children = (
				D0FE245713DC3C9500AAA6CE /* AppSettings.xml */,
				E4B6FCAD0C3E899E008CF71C /* openFrameworks-Info.plist */,
				E4EB6923138AFD0F00A09F29 /* Project.xcconfig */,
				E4B69E1C0A3A1BDC003C02F2 /* src */,
				D0E1DEF913DC30C300268AD9 /* sqlite3x */,
				D089169A19A134E200AE74F1 /* sqlite3 */,
				E4EEC9E9138DF44700A80321 /* openFrameworks */,
				BB4B014C10F69532006C3DED /* addons */,
				E45BE5980E8CC70C009D7055 /* frameworks */,
				E4B69B5B0A3A1756003C02F2 /* DrawingLifeDebug.app */,
			);
			sourceTree = "<group>";
		};
		E4B69E1C0A3A1BDC003C02F2 /* src */ = {
			isa = PBXGroup;
			children = (
				D08916B719A2C22E00AE74F1 /* GeoUtils.cpp */,
				D08916B619A29B3900AE74F1 /* GeoUtils.h */,
				D0EC48E7199A89E100AC8B2E /* DataLoader.cpp */,
				D0EC48E8199A89E100AC8B2E /* DataLoader.h */,
				D0EC48E9199A89E100AC8B2E /* DrawingLifeDrawable.cpp */,
				D0EC48EA199A89E100AC8B2E /* DrawingLifeDrawable.h */,
				D0EC48EB199A89E100AC8B2E /* Logger.cpp */,
				D0EC48EC199A89E100AC8B2E /* ofxPoint.h */,
				D0EC48ED199A89E100AC8B2E /* ofxRectangle.h */,
				D0EC48EE199A89E100AC8B2E /* Utils.cpp */,
				D0EC48EF199A89E100AC8B2E /* Utils.h */,
				D0EC48F0199A89E100AC8B2E /* ViewHelper.cpp */,
				D0EC48F1199A89E100AC8B2E /* ViewHelper.h */,
				D0EC48F2199A89E100AC8B2E /* ZoomAnimation.cpp */,
				D0EC48F3199A89E100AC8B2E /* ZoomAnimation.h */,
				D0F86E9C14DFF226000EC12D /* Integrator.h */,
				D0E1DED813DC309C00268AD9 /* Walk.h */,
				D0E1DED913DC309C00268AD9 /* Walk.cpp */,
				D0E1DEDA13DC309C00268AD9 /* Timeline.h */,
				D0E1DEDB13DC309C00268AD9 /* Timeline.cpp */,
				D0E1DEDC13DC309C00268AD9 /* MagicBox.h */,
				D0E1DEDD13DC309C00268AD9 /* MagicBox.cpp */,
				D0E1DEDE13DC309C00268AD9 /* Logger.h */,
				D0E1DEDF13DC309C00268AD9 /* LocationImage.h */,
				D0E1DEE013DC309C00268AD9 /* LocationImage.cpp */,
				D0E1DEE113DC309C00268AD9 /* GpsSegment.h */,
				D0E1DEE213DC309C00268AD9 /* GpsPoint.h */,
				D0E1DEE313DC309C00268AD9 /* GpsData.h */,
				D0E1DEE413DC309C00268AD9 /* GpsData.cpp */,
				D0E1DEE513DC309C00268AD9 /* DrawingLifeTypes.h */,
				D0E1DEE613DC309C00268AD9 /* DrawingLifeIncludes.h */,
				D0E1DEE713DC309C00268AD9 /* DrawingLifeApp.h */,
				D0E1DEE813DC309C00268AD9 /* DrawingLifeApp.cpp */,
				D0E1DEE913DC309C00268AD9 /* DBReader.h */,
				D0E1DEEA13DC309C00268AD9 /* DBReader.cpp */,
				D0E1DEEB13DC309C00268AD9 /* AppSettings.h */,
				D0E1DEEC13DC309C00268AD9 /* AppSettings.cpp */,
				E4B69E1D0A3A1BDC003C02F2 /* main.cpp */,
			);
			path = src;
			sourceTree = SOURCE_ROOT;
		};
		E4EEC9E9138DF44700A80321 /* openFrameworks */ = {
			isa = PBXGroup;
			children = (
				D0EC48DC199A860D00AC8B2E /* CoreOF.xcconfig */,
				D0EC48D3199A85D400AC8B2E /* openFrameworksLib.xcodeproj */,
			);
			name = openFrameworks;
			sourceTree = "<group>";
		};
/* End PBXGroup section */

/* Begin PBXNativeTarget section */
		E4B69B5A0A3A1756003C02F2 /* DrawingLife */ = {
			isa = PBXNativeTarget;
			buildConfigurationList = E4B69B5F0A3A1757003C02F2 /* Build configuration list for PBXNativeTarget "DrawingLife" */;
			buildPhases = (
				E4B69B580A3A1756003C02F2 /* Sources */,
				E4B69B590A3A1756003C02F2 /* Frameworks */,
				E4B6FFFD0C3F9AB9008CF71C /* ShellScript */,
				E4C2427710CC5ABF004149E2 /* CopyFiles */,
			);
			buildRules = (
			);
			dependencies = (
				D0EC48DB199A85F500AC8B2E /* PBXTargetDependency */,
			);
			name = DrawingLife;
			productName = myOFApp;
			productReference = E4B69B5B0A3A1756003C02F2 /* DrawingLifeDebug.app */;
			productType = "com.apple.product-type.application";
		};
/* End PBXNativeTarget section */

/* Begin PBXProject section */
		E4B69B4C0A3A1720003C02F2 /* Project object */ = {
			isa = PBXProject;
			attributes = {
			};
			buildConfigurationList = E4B69B4D0A3A1720003C02F2 /* Build configuration list for PBXProject "DrawingLife" */;
			compatibilityVersion = "Xcode 2.4";
			developmentRegion = English;
			hasScannedForEncodings = 0;
			knownRegions = (
				English,
				Japanese,
				French,
				German,
			);
			mainGroup = E4B69B4A0A3A1720003C02F2;
			productRefGroup = E4B69B4A0A3A1720003C02F2;
			projectDirPath = "";
			projectReferences = (
				{
					ProductGroup = D0EC48D4199A85D400AC8B2E /* Products */;
					ProjectRef = D0EC48D3199A85D400AC8B2E /* openFrameworksLib.xcodeproj */;
				},
			);
			projectRoot = "";
			targets = (
				E4B69B5A0A3A1756003C02F2 /* DrawingLife */,
			);
		};
/* End PBXProject section */

/* Begin PBXReferenceProxy section */
		D0EC48D8199A85D400AC8B2E /* openFrameworksDebug.a */ = {
			isa = PBXReferenceProxy;
			fileType = archive.ar;
			path = openFrameworksDebug.a;
			remoteRef = D0EC48D7199A85D400AC8B2E /* PBXContainerItemProxy */;
			sourceTree = BUILT_PRODUCTS_DIR;
		};
/* End PBXReferenceProxy section */

/* Begin PBXShellScriptBuildPhase section */
		E4B6FFFD0C3F9AB9008CF71C /* ShellScript */ = {
			isa = PBXShellScriptBuildPhase;
			buildActionMask = 2147483647;
			files = (
			);
			inputPaths = (
			);
			outputPaths = (
			);
			runOnlyForDeploymentPostprocessing = 0;
			shellPath = /bin/sh;
			shellScript = "cp -f ../../../libs/fmodex/lib/osx/libfmodex.dylib \"$TARGET_BUILD_DIR/$PRODUCT_NAME.app/Contents/MacOS/libfmodex.dylib\"; install_name_tool -change ./libfmodex.dylib @executable_path/libfmodex.dylib \"$TARGET_BUILD_DIR/$PRODUCT_NAME.app/Contents/MacOS/$PRODUCT_NAME\";\nmkdir -p \"$TARGET_BUILD_DIR/$PRODUCT_NAME.app/Contents/Resources/\"\ncp -f \"$ICON_FILE\" \"$TARGET_BUILD_DIR/$PRODUCT_NAME.app/Contents/Resources/\"";
		};
/* End PBXShellScriptBuildPhase section */

/* Begin PBXSourcesBuildPhase section */
		E4B69B580A3A1756003C02F2 /* Sources */ = {
			isa = PBXSourcesBuildPhase;
			buildActionMask = 2147483647;
			files = (
				D0EC48F4199A89E100AC8B2E /* DataLoader.cpp in Sources */,
				D08916B819A2C22E00AE74F1 /* GeoUtils.cpp in Sources */,
				E4B69E200A3A1BDC003C02F2 /* main.cpp in Sources */,
				D0E1DEED13DC309C00268AD9 /* Walk.cpp in Sources */,
				D0E1DEEE13DC309C00268AD9 /* Timeline.cpp in Sources */,
				D0EC48F5199A89E100AC8B2E /* DrawingLifeDrawable.cpp in Sources */,
				D0EC48F8199A89E100AC8B2E /* ViewHelper.cpp in Sources */,
				D0E1DEEF13DC309C00268AD9 /* MagicBox.cpp in Sources */,
				D0E1DEF013DC309C00268AD9 /* LocationImage.cpp in Sources */,
				D0E1DEF113DC309C00268AD9 /* GpsData.cpp in Sources */,
				D08916A419A1483800AE74F1 /* sqlite3.c in Sources */,
				D0E1DEF213DC309C00268AD9 /* DrawingLifeApp.cpp in Sources */,
				D0E1DEF313DC309C00268AD9 /* DBReader.cpp in Sources */,
				D0E1DEF413DC309C00268AD9 /* AppSettings.cpp in Sources */,
				D0E1DF0D13DC311500268AD9 /* sqlite3x_command.cpp in Sources */,
				D0E1DF0E13DC311500268AD9 /* sqlite3x_connection.cpp in Sources */,
				D0E1DF0F13DC311500268AD9 /* sqlite3x_exception.cpp in Sources */,
				D0E1DF1013DC311500268AD9 /* sqlite3x_reader.cpp in Sources */,
				D0EC48F6199A89E100AC8B2E /* Logger.cpp in Sources */,
				D0E1DF1113DC311500268AD9 /* sqlite3x_transaction.cpp in Sources */,
				D0E1DF4813DC32E200268AD9 /* ofxXmlSettings.cpp in Sources */,
				D0EC48F7199A89E100AC8B2E /* Utils.cpp in Sources */,
				D0E1DF4D13DC32EB00268AD9 /* tinyxml.cpp in Sources */,
				D0E1DF4E13DC32EB00268AD9 /* tinyxmlerror.cpp in Sources */,
				D0E1DF4F13DC32EB00268AD9 /* tinyxmlparser.cpp in Sources */,
				D0EC48F9199A89E100AC8B2E /* ZoomAnimation.cpp in Sources */,
			);
			runOnlyForDeploymentPostprocessing = 0;
		};
/* End PBXSourcesBuildPhase section */

/* Begin PBXTargetDependency section */
		D0EC48DB199A85F500AC8B2E /* PBXTargetDependency */ = {
			isa = PBXTargetDependency;
			name = openFrameworks;
			targetProxy = D0EC48DA199A85F500AC8B2E /* PBXContainerItemProxy */;
		};
/* End PBXTargetDependency section */

/* Begin XCBuildConfiguration section */
		E4B69B4E0A3A1720003C02F2 /* Debug */ = {
			isa = XCBuildConfiguration;
			baseConfigurationReference = E4EB6923138AFD0F00A09F29 /* Project.xcconfig */;
			buildSettings = {
				ARCHS = "$(NATIVE_ARCH)";
				CONFIGURATION_BUILD_DIR = "$(SRCROOT)/bin/";
				COPY_PHASE_STRIP = NO;
				DEAD_CODE_STRIPPING = YES;
				GCC_AUTO_VECTORIZATION = YES;
				GCC_ENABLE_SSE3_EXTENSIONS = YES;
				GCC_ENABLE_SUPPLEMENTAL_SSE3_INSTRUCTIONS = YES;
				GCC_INLINES_ARE_PRIVATE_EXTERN = NO;
				GCC_SYMBOLS_PRIVATE_EXTERN = NO;
				GCC_WARN_ABOUT_DEPRECATED_FUNCTIONS = NO;
				GCC_WARN_ABOUT_INVALID_OFFSETOF_MACRO = NO;
				GCC_WARN_ALLOW_INCOMPLETE_PROTOCOL = NO;
				GCC_WARN_UNINITIALIZED_AUTOS = NO;
				GCC_WARN_UNUSED_VALUE = NO;
				GCC_WARN_UNUSED_VARIABLE = NO;
				MACOSX_DEPLOYMENT_TARGET = 10.6;
				OTHER_CPLUSPLUSFLAGS = (
					"-D__MACOSX_CORE__",
					"-lpthread",
				);
				SDKROOT = macosx10.9;
			};
			name = Debug;
		};
		E4B69B4F0A3A1720003C02F2 /* Release */ = {
			isa = XCBuildConfiguration;
			baseConfigurationReference = E4EB6923138AFD0F00A09F29 /* Project.xcconfig */;
			buildSettings = {
				ARCHS = "$(NATIVE_ARCH)";
				CONFIGURATION_BUILD_DIR = "$(SRCROOT)/bin/";
				COPY_PHASE_STRIP = YES;
				DEAD_CODE_STRIPPING = YES;
				GCC_AUTO_VECTORIZATION = YES;
				GCC_ENABLE_SSE3_EXTENSIONS = YES;
				GCC_ENABLE_SUPPLEMENTAL_SSE3_INSTRUCTIONS = YES;
				GCC_INLINES_ARE_PRIVATE_EXTERN = NO;
				GCC_OPTIMIZATION_LEVEL = 3;
				GCC_SYMBOLS_PRIVATE_EXTERN = NO;
				GCC_UNROLL_LOOPS = YES;
				GCC_WARN_ABOUT_DEPRECATED_FUNCTIONS = NO;
				GCC_WARN_ABOUT_INVALID_OFFSETOF_MACRO = NO;
				GCC_WARN_ALLOW_INCOMPLETE_PROTOCOL = NO;
				GCC_WARN_UNINITIALIZED_AUTOS = NO;
				GCC_WARN_UNUSED_VALUE = NO;
				GCC_WARN_UNUSED_VARIABLE = NO;
				MACOSX_DEPLOYMENT_TARGET = 10.6;
				OTHER_CPLUSPLUSFLAGS = (
					"-D__MACOSX_CORE__",
					"-lpthread",
				);
				SDKROOT = macosx10.9;
			};
			name = Release;
		};
		E4B69B600A3A1757003C02F2 /* Debug */ = {
			isa = XCBuildConfiguration;
			buildSettings = {
				COPY_PHASE_STRIP = NO;
				FRAMEWORK_SEARCH_PATHS = (
					"$(inherited)",
					"$(FRAMEWORK_SEARCH_PATHS_QUOTED_FOR_TARGET_1)",
				);
				FRAMEWORK_SEARCH_PATHS_QUOTED_FOR_TARGET_1 = "\"$(SRCROOT)/../../../libs/glut/lib/osx\"";
				GCC_ENABLE_FIX_AND_CONTINUE = YES;
				GCC_GENERATE_DEBUGGING_SYMBOLS = YES;
				GCC_MODEL_TUNING = G5;
				GCC_OPTIMIZATION_LEVEL = 0;
				GCC_VERSION = "";
				ICON = "$(ICON_NAME_DEBUG)";
				ICON_FILE = "$(ICON_FILE_PATH)$(ICON)";
				INFOPLIST_FILE = "openFrameworks-Info.plist";
				INSTALL_PATH = "$(HOME)/Applications";
				MACOSX_DEPLOYMENT_TARGET = 10.6;
				OTHER_CPLUSPLUSFLAGS = (
					"-D__MACOSX_CORE__",
					"-lpthread",
					"-D__ASSERTMACROS__",
					"-mtune=native",
					"-DSPATIALITE_EXTENSION",
				);
				PREBINDING = NO;
				PRODUCT_NAME = DrawingLifeDebug;
				SDKROOT = macosx10.9;
				WRAPPER_EXTENSION = app;
			};
			name = Debug;
		};
		E4B69B610A3A1757003C02F2 /* Release */ = {
			isa = XCBuildConfiguration;
			buildSettings = {
				COPY_PHASE_STRIP = YES;
				FRAMEWORK_SEARCH_PATHS = (
					"$(inherited)",
					"$(FRAMEWORK_SEARCH_PATHS_QUOTED_FOR_TARGET_1)",
				);
				FRAMEWORK_SEARCH_PATHS_QUOTED_FOR_TARGET_1 = "\"$(SRCROOT)/../../../libs/glut/lib/osx\"";
				GCC_ENABLE_FIX_AND_CONTINUE = NO;
				GCC_GENERATE_DEBUGGING_SYMBOLS = NO;
				GCC_MODEL_TUNING = G5;
				GCC_VERSION = "";
				ICON = "$(ICON_NAME_RELEASE)";
				ICON_FILE = "$(ICON_FILE_PATH)$(ICON)";
				INFOPLIST_FILE = "openFrameworks-Info.plist";
				INSTALL_PATH = "$(HOME)/Applications";
				MACOSX_DEPLOYMENT_TARGET = 10.6;
				OTHER_CPLUSPLUSFLAGS = (
					"-D__MACOSX_CORE__",
					"-lpthread",
					"-D__ASSERTMACROS__",
					"-mtune=native",
					"-DSPATIALITE_EXTENSION",
				);
				PREBINDING = NO;
				PRODUCT_NAME = DrawingLife;
				SDKROOT = macosx10.9;
				WRAPPER_EXTENSION = app;
			};
			name = Release;
		};
/* End XCBuildConfiguration section */

/* Begin XCConfigurationList section */
		E4B69B4D0A3A1720003C02F2 /* Build configuration list for PBXProject "DrawingLife" */ = {
			isa = XCConfigurationList;
			buildConfigurations = (
				E4B69B4E0A3A1720003C02F2 /* Debug */,
				E4B69B4F0A3A1720003C02F2 /* Release */,
			);
			defaultConfigurationIsVisible = 0;
			defaultConfigurationName = Release;
		};
		E4B69B5F0A3A1757003C02F2 /* Build configuration list for PBXNativeTarget "DrawingLife" */ = {
			isa = XCConfigurationList;
			buildConfigurations = (
				E4B69B600A3A1757003C02F2 /* Debug */,
				E4B69B610A3A1757003C02F2 /* Release */,
			);
			defaultConfigurationIsVisible = 0;
			defaultConfigurationName = Release;
		};
/* End XCConfigurationList section */
	};
	rootObject = E4B69B4C0A3A1720003C02F2 /* Project object */;
}
