<?xml version="1.0" encoding="UTF-8" standalone="yes" ?>
<CodeBlocks_project_file>
	<FileVersion major="1" minor="6" />
	<Project>
		<Option title="GeographicLib" />
		<Option pch_mode="2" />
		<Option compiler="gcc" />
		<Option virtualFolders="include/;src/;" />
		<Build>
			<Target title="Debug">
				<Option output="../libs/libGeographicd" prefix_auto="1" extension_auto="1" />
				<Option working_dir="" />
				<Option object_output="obj/Debug/" />
				<Option type="2" />
				<Option compiler="gcc" />
				<Option createDefFile="1" />
				<Compiler>
					<Add option="-Wall" />
					<Add option="-g" />
				</Compiler>
			</Target>
			<Target title="Release">
				<Option output="../libs/libGeographic" prefix_auto="1" extension_auto="1" />
				<Option working_dir="" />
				<Option object_output="obj/Release/" />
				<Option type="2" />
				<Option compiler="gcc" />
				<Option createDefFile="1" />
				<Compiler>
					<Add option="-Wall" />
					<Add option="-O2" />
				</Compiler>
				<Linker>
					<Add option="-s" />
				</Linker>
			</Target>
		</Build>
		<Compiler>
			<Add directory="../include" />
		</Compiler>
		<Unit filename="../include/GeographicLib/AzimuthalEquidistant.hpp">
			<Option virtualFolder="include/" />
		</Unit>
		<Unit filename="../include/GeographicLib/CassiniSoldner.hpp">
			<Option virtualFolder="include/" />
		</Unit>
		<Unit filename="../include/GeographicLib/Constants.hpp">
			<Option virtualFolder="include/" />
		</Unit>
		<Unit filename="../include/GeographicLib/DMS.hpp">
			<Option virtualFolder="include/" />
		</Unit>
		<Unit filename="../include/GeographicLib/EllipticFunction.hpp">
			<Option virtualFolder="include/" />
		</Unit>
		<Unit filename="../include/GeographicLib/GeoCoords.hpp">
			<Option virtualFolder="include/" />
		</Unit>
		<Unit filename="../include/GeographicLib/Geocentric.hpp">
			<Option virtualFolder="include/" />
		</Unit>
		<Unit filename="../include/GeographicLib/Geodesic.hpp">
			<Option virtualFolder="include/" />
		</Unit>
		<Unit filename="../include/GeographicLib/Geoid.hpp">
			<Option virtualFolder="include/" />
		</Unit>
		<Unit filename="../include/GeographicLib/LambertConformalConic.hpp">
			<Option virtualFolder="include/" />
		</Unit>
		<Unit filename="../include/GeographicLib/LocalCartesian.hpp">
			<Option virtualFolder="include/" />
		</Unit>
		<Unit filename="../include/GeographicLib/MGRS.hpp">
			<Option virtualFolder="include/" />
		</Unit>
		<Unit filename="../include/GeographicLib/PolarStereographic.hpp">
			<Option virtualFolder="include/" />
		</Unit>
		<Unit filename="../include/GeographicLib/TransverseMercator.hpp">
			<Option virtualFolder="include/" />
		</Unit>
		<Unit filename="../include/GeographicLib/TransverseMercatorExact.hpp">
			<Option virtualFolder="include/" />
		</Unit>
		<Unit filename="../include/GeographicLib/UTMUPS.hpp">
			<Option virtualFolder="include/" />
		</Unit>
		<Unit filename="../src/AzimuthalEquidistant.cpp">
			<Option virtualFolder="src/" />
		</Unit>
		<Unit filename="../src/CassiniSoldner.cpp">
			<Option virtualFolder="src/" />
		</Unit>
		<Unit filename="../src/DMS.cpp">
			<Option virtualFolder="src/" />
		</Unit>
		<Unit filename="../src/EllipticFunction.cpp">
			<Option virtualFolder="src/" />
		</Unit>
		<Unit filename="../src/GeoCoords.cpp">
			<Option virtualFolder="src/" />
		</Unit>
		<Unit filename="../src/Geocentric.cpp">
			<Option virtualFolder="src/" />
		</Unit>
		<Unit filename="../src/Geodesic.cpp">
			<Option virtualFolder="src/" />
		</Unit>
		<Unit filename="../src/Geoid.cpp">
			<Option virtualFolder="src/" />
		</Unit>
		<Unit filename="../src/LambertConformalConic.cpp">
			<Option virtualFolder="src/" />
		</Unit>
		<Unit filename="../src/LocalCartesian.cpp">
			<Option virtualFolder="src/" />
		</Unit>
		<Unit filename="../src/MGRS.cpp">
			<Option virtualFolder="src/" />
		</Unit>
		<Unit filename="../src/PolarStereographic.cpp">
			<Option virtualFolder="src/" />
		</Unit>
		<Unit filename="../src/TransverseMercator.cpp">
			<Option virtualFolder="src/" />
		</Unit>
		<Unit filename="../src/TransverseMercatorExact.cpp">
			<Option virtualFolder="src/" />
		</Unit>
		<Unit filename="../src/UTMUPS.cpp">
			<Option virtualFolder="src/" />
		</Unit>
		<Extensions>
			<envvars />
			<code_completion />
			<debugger />
			<lib_finder disable_auto="1" />
		</Extensions>
	</Project>
</CodeBlocks_project_file>
